// !$*UTF8*$!
{
	archiveVersion = 1;
	classes = {
	};
	objectVersion = 56;
	objects = {

/* Begin PBXBuildFile section */
		0CF7479C2B5971D800D72303 /* TODOApp.swift in Sources */ = {isa = PBXBuildFile; fileRef = 0CF7479B2B5971D800D72303 /* TODOApp.swift */; };
		0CF7479E2B5971D800D72303 /* ContentView.swift in Sources */ = {isa = PBXBuildFile; fileRef = 0CF7479D2B5971D800D72303 /* ContentView.swift */; };
		0CF747A02B5971D900D72303 /* Assets.xcassets in Resources */ = {isa = PBXBuildFile; fileRef = 0CF7479F2B5971D900D72303 /* Assets.xcassets */; };
		0CF747A32B5971D900D72303 /* Preview Assets.xcassets in Resources */ = {isa = PBXBuildFile; fileRef = 0CF747A22B5971D900D72303 /* Preview Assets.xcassets */; };
		0CF747A52B5971D900D72303 /* Persistence.swift in Sources */ = {isa = PBXBuildFile; fileRef = 0CF747A42B5971D900D72303 /* Persistence.swift */; };
		0CF747A82B5971D900D72303 /* TODO.xcdatamodeld in Sources */ = {isa = PBXBuildFile; fileRef = 0CF747A62B5971D900D72303 /* TODO.xcdatamodeld */; };
		0CF747B22B5971D900D72303 /* TODOTests.swift in Sources */ = {isa = PBXBuildFile; fileRef = 0CF747B12B5971D900D72303 /* TODOTests.swift */; };
		0CF747BC2B5971D900D72303 /* TODOUITests.swift in Sources */ = {isa = PBXBuildFile; fileRef = 0CF747BB2B5971D900D72303 /* TODOUITests.swift */; };
		0CF747BE2B5971D900D72303 /* TODOUITestsLaunchTests.swift in Sources */ = {isa = PBXBuildFile; fileRef = 0CF747BD2B5971D900D72303 /* TODOUITestsLaunchTests.swift */; };
/* End PBXBuildFile section */

/* Begin PBXContainerItemProxy section */
		0CF747AE2B5971D900D72303 /* PBXContainerItemProxy */ = {
			isa = PBXContainerItemProxy;
			containerPortal = 0CF747902B5971D800D72303 /* Project object */;
			proxyType = 1;
			remoteGlobalIDString = 0CF747972B5971D800D72303;
			remoteInfo = TODO;
		};
		0CF747B82B5971D900D72303 /* PBXContainerItemProxy */ = {
			isa = PBXContainerItemProxy;
			containerPortal = 0CF747902B5971D800D72303 /* Project object */;
			proxyType = 1;
			remoteGlobalIDString = 0CF747972B5971D800D72303;
			remoteInfo = TODO;
		};
/* End PBXContainerItemProxy section */

/* Begin PBXFileReference section */
		0CF747982B5971D800D72303 /* TODO.app */ = {isa = PBXFileReference; explicitFileType = wrapper.application; includeInIndex = 0; path = TODO.app; sourceTree = BUILT_PRODUCTS_DIR; };
		0CF7479B2B5971D800D72303 /* TODOApp.swift */ = {isa = PBXFileReference; lastKnownFileType = sourcecode.swift; path = TODOApp.swift; sourceTree = "<group>"; };
		0CF7479D2B5971D800D72303 /* ContentView.swift */ = {isa = PBXFileReference; lastKnownFileType = sourcecode.swift; path = ContentView.swift; sourceTree = "<group>"; };
		0CF7479F2B5971D900D72303 /* Assets.xcassets */ = {isa = PBXFileReference; lastKnownFileType = folder.assetcatalog; path = Assets.xcassets; sourceTree = "<group>"; };
		0CF747A22B5971D900D72303 /* Preview Assets.xcassets */ = {isa = PBXFileReference; lastKnownFileType = folder.assetcatalog; path = "Preview Assets.xcassets"; sourceTree = "<group>"; };
		0CF747A42B5971D900D72303 /* Persistence.swift */ = {isa = PBXFileReference; lastKnownFileType = sourcecode.swift; path = Persistence.swift; sourceTree = "<group>"; };
		0CF747A72B5971D900D72303 /* TODO.xcdatamodel */ = {isa = PBXFileReference; lastKnownFileType = wrapper.xcdatamodel; path = TODO.xcdatamodel; sourceTree = "<group>"; };
		0CF747AD2B5971D900D72303 /* TODOTests.xctest */ = {isa = PBXFileReference; explicitFileType = wrapper.cfbundle; includeInIndex = 0; path = TODOTests.xctest; sourceTree = BUILT_PRODUCTS_DIR; };
		0CF747B12B5971D900D72303 /* TODOTests.swift */ = {isa = PBXFileReference; lastKnownFileType = sourcecode.swift; path = TODOTests.swift; sourceTree = "<group>"; };
		0CF747B72B5971D900D72303 /* TODOUITests.xctest */ = {isa = PBXFileReference; explicitFileType = wrapper.cfbundle; includeInIndex = 0; path = TODOUITests.xctest; sourceTree = BUILT_PRODUCTS_DIR; };
		0CF747BB2B5971D900D72303 /* TODOUITests.swift */ = {isa = PBXFileReference; lastKnownFileType = sourcecode.swift; path = TODOUITests.swift; sourceTree = "<group>"; };
		0CF747BD2B5971D900D72303 /* TODOUITestsLaunchTests.swift */ = {isa = PBXFileReference; lastKnownFileType = sourcecode.swift; path = TODOUITestsLaunchTests.swift; sourceTree = "<group>"; };
/* End PBXFileReference section */

/* Begin PBXFrameworksBuildPhase section */
		0CF747952B5971D800D72303 /* Frameworks */ = {
			isa = PBXFrameworksBuildPhase;
			buildActionMask = 2147483647;
			files = (
			);
			runOnlyForDeploymentPostprocessing = 0;
		};
		0CF747AA2B5971D900D72303 /* Frameworks */ = {
			isa = PBXFrameworksBuildPhase;
			buildActionMask = 2147483647;
			files = (
			);
			runOnlyForDeploymentPostprocessing = 0;
		};
		0CF747B42B5971D900D72303 /* Frameworks */ = {
			isa = PBXFrameworksBuildPhase;
			buildActionMask = 2147483647;
			files = (
			);
			runOnlyForDeploymentPostprocessing = 0;
		};
/* End PBXFrameworksBuildPhase section */

/* Begin PBXGroup section */
		0CF7478F2B5971D800D72303 = {
			isa = PBXGroup;
			children = (
				0CF7479A2B5971D800D72303 /* TODO */,
				0CF747B02B5971D900D72303 /* TODOTests */,
				0CF747BA2B5971D900D72303 /* TODOUITests */,
				0CF747992B5971D800D72303 /* Products */,
			);
			sourceTree = "<group>";
		};
		0CF747992B5971D800D72303 /* Products */ = {
			isa = PBXGroup;
			children = (
				0CF747982B5971D800D72303 /* TODO.app */,
				0CF747AD2B5971D900D72303 /* TODOTests.xctest */,
				0CF747B72B5971D900D72303 /* TODOUITests.xctest */,
			);
			name = Products;
			sourceTree = "<group>";
		};
		0CF7479A2B5971D800D72303 /* TODO */ = {
			isa = PBXGroup;
			children = (
				0CF7479B2B5971D800D72303 /* TODOApp.swift */,
				0CF7479D2B5971D800D72303 /* ContentView.swift */,
				0CF7479F2B5971D900D72303 /* Assets.xcassets */,
				0CF747A42B5971D900D72303 /* Persistence.swift */,
				0CF747A62B5971D900D72303 /* TODO.xcdatamodeld */,
				0CF747A12B5971D900D72303 /* Preview Content */,
			);
			path = TODO;
			sourceTree = "<group>";
		};
		0CF747A12B5971D900D72303 /* Preview Content */ = {
			isa = PBXGroup;
			children = (
				0CF747A22B5971D900D72303 /* Preview Assets.xcassets */,
			);
			path = "Preview Content";
			sourceTree = "<group>";
		};
		0CF747B02B5971D900D72303 /* TODOTests */ = {
			isa = PBXGroup;
			children = (
				0CF747B12B5971D900D72303 /* TODOTests.swift */,
			);
			path = TODOTests;
			sourceTree = "<group>";
		};
		0CF747BA2B5971D900D72303 /* TODOUITests */ = {
			isa = PBXGroup;
			children = (
				0CF747BB2B5971D900D72303 /* TODOUITests.swift */,
				0CF747BD2B5971D900D72303 /* TODOUITestsLaunchTests.swift */,
			);
			path = TODOUITests;
			sourceTree = "<group>";
		};
/* End PBXGroup section */

/* Begin PBXNativeTarget section */
		0CF747972B5971D800D72303 /* TODO */ = {
			isa = PBXNativeTarget;
			buildConfigurationList = 0CF747C12B5971D900D72303 /* Build configuration list for PBXNativeTarget "TODO" */;
			buildPhases = (
				0CF747942B5971D800D72303 /* Sources */,
				0CF747952B5971D800D72303 /* Frameworks */,
				0CF747962B5971D800D72303 /* Resources */,
			);
			buildRules = (
			);
			dependencies = (
			);
			name = TODO;
			productName = TODO;
			productReference = 0CF747982B5971D800D72303 /* TODO.app */;
			productType = "com.apple.product-type.application";
		};
		0CF747AC2B5971D900D72303 /* TODOTests */ = {
			isa = PBXNativeTarget;
			buildConfigurationList = 0CF747C42B5971D900D72303 /* Build configuration list for PBXNativeTarget "TODOTests" */;
			buildPhases = (
				0CF747A92B5971D900D72303 /* Sources */,
				0CF747AA2B5971D900D72303 /* Frameworks */,
				0CF747AB2B5971D900D72303 /* Resources */,
			);
			buildRules = (
			);
			dependencies = (
				0CF747AF2B5971D900D72303 /* PBXTargetDependency */,
			);
			name = TODOTests;
			productName = TODOTests;
			productReference = 0CF747AD2B5971D900D72303 /* TODOTests.xctest */;
			productType = "com.apple.product-type.bundle.unit-test";
		};
		0CF747B62B5971D900D72303 /* TODOUITests */ = {
			isa = PBXNativeTarget;
			buildConfigurationList = 0CF747C72B5971D900D72303 /* Build configuration list for PBXNativeTarget "TODOUITests" */;
			buildPhases = (
				0CF747B32B5971D900D72303 /* Sources */,
				0CF747B42B5971D900D72303 /* Frameworks */,
				0CF747B52B5971D900D72303 /* Resources */,
			);
			buildRules = (
			);
			dependencies = (
				0CF747B92B5971D900D72303 /* PBXTargetDependency */,
			);
			name = TODOUITests;
			productName = TODOUITests;
			productReference = 0CF747B72B5971D900D72303 /* TODOUITests.xctest */;
			productType = "com.apple.product-type.bundle.ui-testing";
		};
/* End PBXNativeTarget section */

/* Begin PBXProject section */
		0CF747902B5971D800D72303 /* Project object */ = {
			isa = PBXProject;
			attributes = {
				BuildIndependentTargetsInParallel = 1;
				LastSwiftUpdateCheck = 1520;
				LastUpgradeCheck = 1520;
				TargetAttributes = {
					0CF747972B5971D800D72303 = {
						CreatedOnToolsVersion = 15.2;
					};
					0CF747AC2B5971D900D72303 = {
						CreatedOnToolsVersion = 15.2;
						TestTargetID = 0CF747972B5971D800D72303;
					};
					0CF747B62B5971D900D72303 = {
						CreatedOnToolsVersion = 15.2;
						TestTargetID = 0CF747972B5971D800D72303;
					};
				};
			};
			buildConfigurationList = 0CF747932B5971D800D72303 /* Build configuration list for PBXProject "TODO" */;
			compatibilityVersion = "Xcode 14.0";
			developmentRegion = en;
			hasScannedForEncodings = 0;
			knownRegions = (
				en,
				Base,
			);
			mainGroup = 0CF7478F2B5971D800D72303;
			productRefGroup = 0CF747992B5971D800D72303 /* Products */;
			projectDirPath = "";
			projectRoot = "";
			targets = (
				0CF747972B5971D800D72303 /* TODO */,
				0CF747AC2B5971D900D72303 /* TODOTests */,
				0CF747B62B5971D900D72303 /* TODOUITests */,
			);
		};
/* End PBXProject section */

/* Begin PBXResourcesBuildPhase section */
		0CF747962B5971D800D72303 /* Resources */ = {
			isa = PBXResourcesBuildPhase;
			buildActionMask = 2147483647;
			files = (
				0CF747A32B5971D900D72303 /* Preview Assets.xcassets in Resources */,
				0CF747A02B5971D900D72303 /* Assets.xcassets in Resources */,
			);
			runOnlyForDeploymentPostprocessing = 0;
		};
		0CF747AB2B5971D900D72303 /* Resources */ = {
			isa = PBXResourcesBuildPhase;
			buildActionMask = 2147483647;
			files = (
			);
			runOnlyForDeploymentPostprocessing = 0;
		};
		0CF747B52B5971D900D72303 /* Resources */ = {
			isa = PBXResourcesBuildPhase;
			buildActionMask = 2147483647;
			files = (
			);
			runOnlyForDeploymentPostprocessing = 0;
		};
/* End PBXResourcesBuildPhase section */

/* Begin PBXSourcesBuildPhase section */
		0CF747942B5971D800D72303 /* Sources */ = {
			isa = PBXSourcesBuildPhase;
			buildActionMask = 2147483647;
			files = (
				0CF747A52B5971D900D72303 /* Persistence.swift in Sources */,
				0CF7479E2B5971D800D72303 /* ContentView.swift in Sources */,
				0CF7479C2B5971D800D72303 /* TODOApp.swift in Sources */,
				0CF747A82B5971D900D72303 /* TODO.xcdatamodeld in Sources */,
			);
			runOnlyForDeploymentPostprocessing = 0;
		};
		0CF747A92B5971D900D72303 /* Sources */ = {
			isa = PBXSourcesBuildPhase;
			buildActionMask = 2147483647;
			files = (
				0CF747B22B5971D900D72303 /* TODOTests.swift in Sources */,
			);
			runOnlyForDeploymentPostprocessing = 0;
		};
		0CF747B32B5971D900D72303 /* Sources */ = {
			isa = PBXSourcesBuildPhase;
			buildActionMask = 2147483647;
			files = (
				0CF747BE2B5971D900D72303 /* TODOUITestsLaunchTests.swift in Sources */,
				0CF747BC2B5971D900D72303 /* TODOUITests.swift in Sources */,
			);
			runOnlyForDeploymentPostprocessing = 0;
		};
/* End PBXSourcesBuildPhase section */

/* Begin PBXTargetDependency section */
		0CF747AF2B5971D900D72303 /* PBXTargetDependency */ = {
			isa = PBXTargetDependency;
			target = 0CF747972B5971D800D72303 /* TODO */;
			targetProxy = 0CF747AE2B5971D900D72303 /* PBXContainerItemProxy */;
		};
		0CF747B92B5971D900D72303 /* PBXTargetDependency */ = {
			isa = PBXTargetDependency;
			target = 0CF747972B5971D800D72303 /* TODO */;
			targetProxy = 0CF747B82B5971D900D72303 /* PBXContainerItemProxy */;
		};
/* End PBXTargetDependency section */

/* Begin XCBuildConfiguration section */
		0CF747BF2B5971D900D72303 /* Debug */ = {
			isa = XCBuildConfiguration;
			buildSettings = {
				ALWAYS_SEARCH_USER_PATHS = NO;
				ASSETCATALOG_COMPILER_GENERATE_SWIFT_ASSET_SYMBOL_EXTENSIONS = YES;
				CLANG_ANALYZER_NONNULL = YES;
				CLANG_ANALYZER_NUMBER_OBJECT_CONVERSION = YES_AGGRESSIVE;
				CLANG_CXX_LANGUAGE_STANDARD = "gnu++20";
				CLANG_ENABLE_MODULES = YES;
				CLANG_ENABLE_OBJC_ARC = YES;
				CLANG_ENABLE_OBJC_WEAK = YES;
				CLANG_WARN_BLOCK_CAPTURE_AUTORELEASING = YES;
				CLANG_WARN_BOOL_CONVERSION = YES;
				CLANG_WARN_COMMA = YES;
				CLANG_WARN_CONSTANT_CONVERSION = YES;
				CLANG_WARN_DEPRECATED_OBJC_IMPLEMENTATIONS = YES;
				CLANG_WARN_DIRECT_OBJC_ISA_USAGE = YES_ERROR;
				CLANG_WARN_DOCUMENTATION_COMMENTS = YES;
				CLANG_WARN_EMPTY_BODY = YES;
				CLANG_WARN_ENUM_CONVERSION = YES;
				CLANG_WARN_INFINITE_RECURSION = YES;
				CLANG_WARN_INT_CONVERSION = YES;
				CLANG_WARN_NON_LITERAL_NULL_CONVERSION = YES;
				CLANG_WARN_OBJC_IMPLICIT_RETAIN_SELF = YES;
				CLANG_WARN_OBJC_LITERAL_CONVERSION = YES;
				CLANG_WARN_OBJC_ROOT_CLASS = YES_ERROR;
				CLANG_WARN_QUOTED_INCLUDE_IN_FRAMEWORK_HEADER = YES;
				CLANG_WARN_RANGE_LOOP_ANALYSIS = YES;
				CLANG_WARN_STRICT_PROTOTYPES = YES;
				CLANG_WARN_SUSPICIOUS_MOVE = YES;
				CLANG_WARN_UNGUARDED_AVAILABILITY = YES_AGGRESSIVE;
				CLANG_WARN_UNREACHABLE_CODE = YES;
				CLANG_WARN__DUPLICATE_METHOD_MATCH = YES;
				COPY_PHASE_STRIP = NO;
				DEBUG_INFORMATION_FORMAT = dwarf;
				ENABLE_STRICT_OBJC_MSGSEND = YES;
				ENABLE_TESTABILITY = YES;
				ENABLE_USER_SCRIPT_SANDBOXING = YES;
				GCC_C_LANGUAGE_STANDARD = gnu17;
				GCC_DYNAMIC_NO_PIC = NO;
				GCC_NO_COMMON_BLOCKS = YES;
				GCC_OPTIMIZATION_LEVEL = 0;
				GCC_PREPROCESSOR_DEFINITIONS = (
					"DEBUG=1",
					"$(inherited)",
				);
				GCC_WARN_64_TO_32_BIT_CONVERSION = YES;
				GCC_WARN_ABOUT_RETURN_TYPE = YES_ERROR;
				GCC_WARN_UNDECLARED_SELECTOR = YES;
				GCC_WARN_UNINITIALIZED_AUTOS = YES_AGGRESSIVE;
				GCC_WARN_UNUSED_FUNCTION = YES;
				GCC_WARN_UNUSED_VARIABLE = YES;
				IPHONEOS_DEPLOYMENT_TARGET = 17.2;
				LOCALIZATION_PREFERS_STRING_CATALOGS = YES;
				MTL_ENABLE_DEBUG_INFO = INCLUDE_SOURCE;
				MTL_FAST_MATH = YES;
				ONLY_ACTIVE_ARCH = YES;
				SDKROOT = iphoneos;
				SWIFT_ACTIVE_COMPILATION_CONDITIONS = "DEBUG $(inherited)";
				SWIFT_OPTIMIZATION_LEVEL = "-Onone";
			};
			name = Debug;
		};
		0CF747C02B5971D900D72303 /* Release */ = {
			isa = XCBuildConfiguration;
			buildSettings = {
				ALWAYS_SEARCH_USER_PATHS = NO;
				ASSETCATALOG_COMPILER_GENERATE_SWIFT_ASSET_SYMBOL_EXTENSIONS = YES;
				CLANG_ANALYZER_NONNULL = YES;
				CLANG_ANALYZER_NUMBER_OBJECT_CONVERSION = YES_AGGRESSIVE;
				CLANG_CXX_LANGUAGE_STANDARD = "gnu++20";
				CLANG_ENABLE_MODULES = YES;
				CLANG_ENABLE_OBJC_ARC = YES;
				CLANG_ENABLE_OBJC_WEAK = YES;
				CLANG_WARN_BLOCK_CAPTURE_AUTORELEASING = YES;
				CLANG_WARN_BOOL_CONVERSION = YES;
				CLANG_WARN_COMMA = YES;
				CLANG_WARN_CONSTANT_CONVERSION = YES;
				CLANG_WARN_DEPRECATED_OBJC_IMPLEMENTATIONS = YES;
				CLANG_WARN_DIRECT_OBJC_ISA_USAGE = YES_ERROR;
				CLANG_WARN_DOCUMENTATION_COMMENTS = YES;
				CLANG_WARN_EMPTY_BODY = YES;
				CLANG_WARN_ENUM_CONVERSION = YES;
				CLANG_WARN_INFINITE_RECURSION = YES;
				CLANG_WARN_INT_CONVERSION = YES;
				CLANG_WARN_NON_LITERAL_NULL_CONVERSION = YES;
				CLANG_WARN_OBJC_IMPLICIT_RETAIN_SELF = YES;
				CLANG_WARN_OBJC_LITERAL_CONVERSION = YES;
				CLANG_WARN_OBJC_ROOT_CLASS = YES_ERROR;
				CLANG_WARN_QUOTED_INCLUDE_IN_FRAMEWORK_HEADER = YES;
				CLANG_WARN_RANGE_LOOP_ANALYSIS = YES;
				CLANG_WARN_STRICT_PROTOTYPES = YES;
				CLANG_WARN_SUSPICIOUS_MOVE = YES;
				CLANG_WARN_UNGUARDED_AVAILABILITY = YES_AGGRESSIVE;
				CLANG_WARN_UNREACHABLE_CODE = YES;
				CLANG_WARN__DUPLICATE_METHOD_MATCH = YES;
				COPY_PHASE_STRIP = NO;
				DEBUG_INFORMATION_FORMAT = "dwarf-with-dsym";
				ENABLE_NS_ASSERTIONS = NO;
				ENABLE_STRICT_OBJC_MSGSEND = YES;
				ENABLE_USER_SCRIPT_SANDBOXING = YES;
				GCC_C_LANGUAGE_STANDARD = gnu17;
				GCC_NO_COMMON_BLOCKS = YES;
				GCC_WARN_64_TO_32_BIT_CONVERSION = YES;
				GCC_WARN_ABOUT_RETURN_TYPE = YES_ERROR;
				GCC_WARN_UNDECLARED_SELECTOR = YES;
				GCC_WARN_UNINITIALIZED_AUTOS = YES_AGGRESSIVE;
				GCC_WARN_UNUSED_FUNCTION = YES;
				GCC_WARN_UNUSED_VARIABLE = YES;
				IPHONEOS_DEPLOYMENT_TARGET = 17.2;
				LOCALIZATION_PREFERS_STRING_CATALOGS = YES;
				MTL_ENABLE_DEBUG_INFO = NO;
				MTL_FAST_MATH = YES;
				SDKROOT = iphoneos;
				SWIFT_COMPILATION_MODE = wholemodule;
				VALIDATE_PRODUCT = YES;
			};
			name = Release;
		};
		0CF747C22B5971D900D72303 /* Debug */ = {
			isa = XCBuildConfiguration;
			buildSettings = {
				ASSETCATALOG_COMPILER_APPICON_NAME = AppIcon;
				ASSETCATALOG_COMPILER_GLOBAL_ACCENT_COLOR_NAME = AccentColor;
				CODE_SIGN_STYLE = Automatic;
				CURRENT_PROJECT_VERSION = 1;
				DEVELOPMENT_ASSET_PATHS = "\"TODO/Preview Content\"";
				DEVELOPMENT_TEAM = 9LTL3Y55WB;
				ENABLE_PREVIEWS = YES;
				GENERATE_INFOPLIST_FILE = YES;
				INFOPLIST_KEY_UIApplicationSceneManifest_Generation = YES;
				INFOPLIST_KEY_UIApplicationSupportsIndirectInputEvents = YES;
				INFOPLIST_KEY_UILaunchScreen_Generation = YES;
				INFOPLIST_KEY_UISupportedInterfaceOrientations_iPad = "UIInterfaceOrientationPortrait UIInterfaceOrientationPortraitUpsideDown UIInterfaceOrientationLandscapeLeft UIInterfaceOrientationLandscapeRight";
				INFOPLIST_KEY_UISupportedInterfaceOrientations_iPhone = "UIInterfaceOrientationPortrait UIInterfaceOrientationLandscapeLeft UIInterfaceOrientationLandscapeRight";
				LD_RUNPATH_SEARCH_PATHS = (
					"$(inherited)",
					"@executable_path/Frameworks",
				);
				MARKETING_VERSION = 1.0;
				PRODUCT_BUNDLE_IDENTIFIER = com.haokai.todo.TODO;
				PRODUCT_NAME = "$(TARGET_NAME)";
				SWIFT_EMIT_LOC_STRINGS = YES;
				SWIFT_VERSION = 5.0;
				TARGETED_DEVICE_FAMILY = "1,2";
			};
			name = Debug;
		};
		0CF747C32B5971D900D72303 /* Release */ = {
			isa = XCBuildConfiguration;
			buildSettings = {
				ASSETCATALOG_COMPILER_APPICON_NAME = AppIcon;
				ASSETCATALOG_COMPILER_GLOBAL_ACCENT_COLOR_NAME = AccentColor;
				CODE_SIGN_STYLE = Automatic;
				CURRENT_PROJECT_VERSION = 1;
				DEVELOPMENT_ASSET_PATHS = "\"TODO/Preview Content\"";
				DEVELOPMENT_TEAM = 9LTL3Y55WB;
				ENABLE_PREVIEWS = YES;
				GENERATE_INFOPLIST_FILE = YES;
				INFOPLIST_KEY_UIApplicationSceneManifest_Generation = YES;
				INFOPLIST_KEY_UIApplicationSupportsIndirectInputEvents = YES;
				INFOPLIST_KEY_UILaunchScreen_Generation = YES;
				INFOPLIST_KEY_UISupportedInterfaceOrientations_iPad = "UIInterfaceOrientationPortrait UIInterfaceOrientationPortraitUpsideDown UIInterfaceOrientationLandscapeLeft UIInterfaceOrientationLandscapeRight";
				INFOPLIST_KEY_UISupportedInterfaceOrientations_iPhone = "UIInterfaceOrientationPortrait UIInterfaceOrientationLandscapeLeft UIInterfaceOrientationLandscapeRight";
				LD_RUNPATH_SEARCH_PATHS = (
					"$(inherited)",
					"@executable_path/Frameworks",
				);
				MARKETING_VERSION = 1.0;
				PRODUCT_BUNDLE_IDENTIFIER = com.haokai.todo.TODO;
				PRODUCT_NAME = "$(TARGET_NAME)";
				SWIFT_EMIT_LOC_STRINGS = YES;
				SWIFT_VERSION = 5.0;
				TARGETED_DEVICE_FAMILY = "1,2";
			};
			name = Release;
		};
		0CF747C52B5971D900D72303 /* Debug */ = {
			isa = XCBuildConfiguration;
			buildSettings = {
				ALWAYS_EMBED_SWIFT_STANDARD_LIBRARIES = YES;
				BUNDLE_LOADER = "$(TEST_HOST)";
				CODE_SIGN_STYLE = Automatic;
				CURRENT_PROJECT_VERSION = 1;
				DEVELOPMENT_TEAM = 9LTL3Y55WB;
				GENERATE_INFOPLIST_FILE = YES;
				IPHONEOS_DEPLOYMENT_TARGET = 17.2;
				MARKETING_VERSION = 1.0;
				PRODUCT_BUNDLE_IDENTIFIER = com.haokai.todo.TODOTests;
				PRODUCT_NAME = "$(TARGET_NAME)";
				SWIFT_EMIT_LOC_STRINGS = NO;
				SWIFT_VERSION = 5.0;
				TARGETED_DEVICE_FAMILY = "1,2";
				TEST_HOST = "$(BUILT_PRODUCTS_DIR)/TODO.app/$(BUNDLE_EXECUTABLE_FOLDER_PATH)/TODO";
			};
			name = Debug;
		};
		0CF747C62B5971D900D72303 /* Release */ = {
			isa = XCBuildConfiguration;
			buildSettings = {
				ALWAYS_EMBED_SWIFT_STANDARD_LIBRARIES = YES;
				BUNDLE_LOADER = "$(TEST_HOST)";
				CODE_SIGN_STYLE = Automatic;
				CURRENT_PROJECT_VERSION = 1;
				DEVELOPMENT_TEAM = 9LTL3Y55WB;
				GENERATE_INFOPLIST_FILE = YES;
				IPHONEOS_DEPLOYMENT_TARGET = 17.2;
				MARKETING_VERSION = 1.0;
				PRODUCT_BUNDLE_IDENTIFIER = com.haokai.todo.TODOTests;
				PRODUCT_NAME = "$(TARGET_NAME)";
				SWIFT_EMIT_LOC_STRINGS = NO;
				SWIFT_VERSION = 5.0;
				TARGETED_DEVICE_FAMILY = "1,2";
				TEST_HOST = "$(BUILT_PRODUCTS_DIR)/TODO.app/$(BUNDLE_EXECUTABLE_FOLDER_PATH)/TODO";
			};
			name = Release;
		};
		0CF747C82B5971D900D72303 /* Debug */ = {
			isa = XCBuildConfiguration;
			buildSettings = {
				ALWAYS_EMBED_SWIFT_STANDARD_LIBRARIES = YES;
				CODE_SIGN_STYLE = Automatic;
				CURRENT_PROJECT_VERSION = 1;
				DEVELOPMENT_TEAM = 9LTL3Y55WB;
				GENERATE_INFOPLIST_FILE = YES;
				MARKETING_VERSION = 1.0;
				PRODUCT_BUNDLE_IDENTIFIER = com.haokai.todo.TODOUITests;
				PRODUCT_NAME = "$(TARGET_NAME)";
				SWIFT_EMIT_LOC_STRINGS = NO;
				SWIFT_VERSION = 5.0;
				TARGETED_DEVICE_FAMILY = "1,2";
				TEST_TARGET_NAME = TODO;
			};
			name = Debug;
		};
		0CF747C92B5971D900D72303 /* Release */ = {
			isa = XCBuildConfiguration;
			buildSettings = {
				ALWAYS_EMBED_SWIFT_STANDARD_LIBRARIES = YES;
				CODE_SIGN_STYLE = Automatic;
				CURRENT_PROJECT_VERSION = 1;
				DEVELOPMENT_TEAM = 9LTL3Y55WB;
				GENERATE_INFOPLIST_FILE = YES;
				MARKETING_VERSION = 1.0;
				PRODUCT_BUNDLE_IDENTIFIER = com.haokai.todo.TODOUITests;
				PRODUCT_NAME = "$(TARGET_NAME)";
				SWIFT_EMIT_LOC_STRINGS = NO;
				SWIFT_VERSION = 5.0;
				TARGETED_DEVICE_FAMILY = "1,2";
				TEST_TARGET_NAME = TODO;
			};
			name = Release;
		};
/* End XCBuildConfiguration section */

/* Begin XCConfigurationList section */
		0CF747932B5971D800D72303 /* Build configuration list for PBXProject "TODO" */ = {
			isa = XCConfigurationList;
			buildConfigurations = (
				0CF747BF2B5971D900D72303 /* Debug */,
				0CF747C02B5971D900D72303 /* Release */,
			);
			defaultConfigurationIsVisible = 0;
			defaultConfigurationName = Release;
		};
		0CF747C12B5971D900D72303 /* Build configuration list for PBXNativeTarget "TODO" */ = {
			isa = XCConfigurationList;
			buildConfigurations = (
				0CF747C22B5971D900D72303 /* Debug */,
				0CF747C32B5971D900D72303 /* Release */,
			);
			defaultConfigurationIsVisible = 0;
			defaultConfigurationName = Release;
		};
		0CF747C42B5971D900D72303 /* Build configuration list for PBXNativeTarget "TODOTests" */ = {
			isa = XCConfigurationList;
			buildConfigurations = (
				0CF747C52B5971D900D72303 /* Debug */,
				0CF747C62B5971D900D72303 /* Release */,
			);
			defaultConfigurationIsVisible = 0;
			defaultConfigurationName = Release;
		};
		0CF747C72B5971D900D72303 /* Build configuration list for PBXNativeTarget "TODOUITests" */ = {
			isa = XCConfigurationList;
			buildConfigurations = (
				0CF747C82B5971D900D72303 /* Debug */,
				0CF747C92B5971D900D72303 /* Release */,
			);
			defaultConfigurationIsVisible = 0;
			defaultConfigurationName = Release;
		};
/* End XCConfigurationList section */

/* Begin XCVersionGroup section */
		0CF747A62B5971D900D72303 /* TODO.xcdatamodeld */ = {
			isa = XCVersionGroup;
			children = (
				0CF747A72B5971D900D72303 /* TODO.xcdatamodel */,
			);
			currentVersion = 0CF747A72B5971D900D72303 /* TODO.xcdatamodel */;
			path = TODO.xcdatamodeld;
			sourceTree = "<group>";
			versionGroupType = wrapper.xcdatamodel;
		};
/* End XCVersionGroup section */
	};
	rootObject = 0CF747902B5971D800D72303 /* Project object */;
}
